
Microsoft Visual Studio Solution File, Format Version 12.00
# Visual Studio 15
VisualStudioVersion = 15.0.27130.0
MinimumVisualStudioVersion = 10.0.40219.1
Project("{8BC9CEB8-8B4A-11D0-8D11-00A0C91BC942}") = "Second-maximal-rectangle", "Second-maximal-rectangle\Second-maximal-rectangle.vcxproj", "{C0466218-B637-4D24-94C3-390768849CC1}"
EndProject
Global
	GlobalSection(SolutionConfigurationPlatforms) = preSolution
		Debug|x64 = Debug|x64
		Debug|x86 = Debug|x86
		Release|x64 = Release|x64
		Release|x86 = Release|x86
	EndGlobalSection
	GlobalSection(ProjectConfigurationPlatforms) = postSolution
		{C0466218-B637-4D24-94C3-390768849CC1}.Debug|x64.ActiveCfg = Debug|x64
		{C0466218-B637-4D24-94C3-390768849CC1}.Debug|x64.Build.0 = Debug|x64
		{C0466218-B637-4D24-94C3-390768849CC1}.Debug|x86.ActiveCfg = Debug|Win32
		{C0466218-B637-4D24-94C3-390768849CC1}.Debug|x86.Build.0 = Debug|Win32
		{C0466218-B637-4D24-94C3-390768849CC1}.Release|x64.ActiveCfg = Release|x64
		{C0466218-B637-4D24-94C3-390768849CC1}.Release|x64.Build.0 = Release|x64
		{C0466218-B637-4D24-94C3-390768849CC1}.Release|x86.ActiveCfg = Release|Win32
		{C0466218-B637-4D24-94C3-390768849CC1}.Release|x86.Build.0 = Release|Win32
	EndGlobalSection
	GlobalSection(SolutionProperties) = preSolution
		HideSolutionNode = FALSE
	EndGlobalSection
	GlobalSection(ExtensibilityGlobals) = postSolution
		SolutionGuid = {1D9DBBD4-2F9B-45BF-8C27-FA348D008B5C}
	EndGlobalSection
EndGlobal
